// !$*UTF8*$!
{
	archiveVersion = 1;
	classes = {
	};
	objectVersion = 46;
	objects = {

/* Begin PBXBuildFile section */
		ADDF28921E7E9FEB006CE1EE /* AppDelegate.swift in Sources */ = {isa = PBXBuildFile; fileRef = ADDF28911E7E9FEB006CE1EE /* AppDelegate.swift */; };
		ADDF28941E7E9FEB006CE1EE /* ViewController.swift in Sources */ = {isa = PBXBuildFile; fileRef = ADDF28931E7E9FEB006CE1EE /* ViewController.swift */; };
		ADDF28971E7E9FEB006CE1EE /* Main.storyboard in Resources */ = {isa = PBXBuildFile; fileRef = ADDF28951E7E9FEB006CE1EE /* Main.storyboard */; };
		ADDF28991E7E9FEB006CE1EE /* Assets.xcassets in Resources */ = {isa = PBXBuildFile; fileRef = ADDF28981E7E9FEB006CE1EE /* Assets.xcassets */; };
		ADDF289C1E7E9FEB006CE1EE /* LaunchScreen.storyboard in Resources */ = {isa = PBXBuildFile; fileRef = ADDF289A1E7E9FEB006CE1EE /* LaunchScreen.storyboard */; };
/* End PBXBuildFile section */

/* Begin PBXFileReference section */
		ADDF288E1E7E9FEB006CE1EE /* SaveUsAll.app */ = {isa = PBXFileReference; explicitFileType = wrapper.application; includeInIndex = 0; path = SaveUsAll.app; sourceTree = BUILT_PRODUCTS_DIR; };
		ADDF28911E7E9FEB006CE1EE /* AppDelegate.swift */ = {isa = PBXFileReference; lastKnownFileType = sourcecode.swift; path = AppDelegate.swift; sourceTree = "<group>"; };
		ADDF28931E7E9FEB006CE1EE /* ViewController.swift */ = {isa = PBXFileReference; lastKnownFileType = sourcecode.swift; path = ViewController.swift; sourceTree = "<group>"; };
		ADDF28961E7E9FEB006CE1EE /* Base */ = {isa = PBXFileReference; lastKnownFileType = file.storyboard; name = Base; path = Base.lproj/Main.storyboard; sourceTree = "<group>"; };
		ADDF28981E7E9FEB006CE1EE /* Assets.xcassets */ = {isa = PBXFileReference; lastKnownFileType = folder.assetcatalog; path = Assets.xcassets; sourceTree = "<group>"; };
		ADDF289B1E7E9FEB006CE1EE /* Base */ = {isa = PBXFileReference; lastKnownFileType = file.storyboard; name = Base; path = Base.lproj/LaunchScreen.storyboard; sourceTree = "<group>"; };
		ADDF289D1E7E9FEB006CE1EE /* Info.plist */ = {isa = PBXFileReference; lastKnownFileType = text.plist.xml; path = Info.plist; sourceTree = "<group>"; };
/* End PBXFileReference section */

/* Begin PBXFrameworksBuildPhase section */
		ADDF288B1E7E9FEB006CE1EE /* Frameworks */ = {
			isa = PBXFrameworksBuildPhase;
			buildActionMask = 2147483647;
			files = (
			);
			runOnlyForDeploymentPostprocessing = 0;
		};
/* End PBXFrameworksBuildPhase section */

/* Begin PBXGroup section */
		ADDF28851E7E9FEB006CE1EE = {
			isa = PBXGroup;
			children = (
				ADDF28901E7E9FEB006CE1EE /* SaveUsAll */,
				ADDF288F1E7E9FEB006CE1EE /* Products */,
			);
			sourceTree = "<group>";
		};
		ADDF288F1E7E9FEB006CE1EE /* Products */ = {
			isa = PBXGroup;
			children = (
				ADDF288E1E7E9FEB006CE1EE /* SaveUsAll.app */,
			);
			name = Products;
			sourceTree = "<group>";
		};
		ADDF28901E7E9FEB006CE1EE /* SaveUsAll */ = {
			isa = PBXGroup;
			children = (
				ADDF28911E7E9FEB006CE1EE /* AppDelegate.swift */,
				ADDF28931E7E9FEB006CE1EE /* ViewController.swift */,
				ADDF28951E7E9FEB006CE1EE /* Main.storyboard */,
				ADDF28981E7E9FEB006CE1EE /* Assets.xcassets */,
				ADDF289A1E7E9FEB006CE1EE /* LaunchScreen.storyboard */,
				ADDF289D1E7E9FEB006CE1EE /* Info.plist */,
			);
			path = SaveUsAll;
			sourceTree = "<group>";
		};
/* End PBXGroup section */

/* Begin PBXNativeTarget section */
		ADDF288D1E7E9FEB006CE1EE /* SaveUsAll */ = {
			isa = PBXNativeTarget;
			buildConfigurationList = ADDF28A01E7E9FEB006CE1EE /* Build configuration list for PBXNativeTarget "SaveUsAll" */;
			buildPhases = (
				ADDF288A1E7E9FEB006CE1EE /* Sources */,
				ADDF288B1E7E9FEB006CE1EE /* Frameworks */,
				ADDF288C1E7E9FEB006CE1EE /* Resources */,
			);
			buildRules = (
			);
			dependencies = (
			);
			name = SaveUsAll;
			productName = SaveUsAll;
			productReference = ADDF288E1E7E9FEB006CE1EE /* SaveUsAll.app */;
			productType = "com.apple.product-type.application";
		};
/* End PBXNativeTarget section */

/* Begin PBXProject section */
		ADDF28861E7E9FEB006CE1EE /* Project object */ = {
			isa = PBXProject;
			attributes = {
				LastSwiftUpdateCheck = 0810;
				LastUpgradeCheck = 0810;
				ORGANIZATIONNAME = Pave;
				TargetAttributes = {
					ADDF288D1E7E9FEB006CE1EE = {
						CreatedOnToolsVersion = 8.1;
						ProvisioningStyle = Automatic;
					};
				};
			};
			buildConfigurationList = ADDF28891E7E9FEB006CE1EE /* Build configuration list for PBXProject "SaveUsAll" */;
			compatibilityVersion = "Xcode 3.2";
			developmentRegion = English;
			hasScannedForEncodings = 0;
			knownRegions = (
				en,
				Base,
			);
			mainGroup = ADDF28851E7E9FEB006CE1EE;
			productRefGroup = ADDF288F1E7E9FEB006CE1EE /* Products */;
			projectDirPath = "";
			projectRoot = "";
			targets = (
				ADDF288D1E7E9FEB006CE1EE /* SaveUsAll */,
			);
		};
/* End PBXProject section */

/* Begin PBXResourcesBuildPhase section */
		ADDF288C1E7E9FEB006CE1EE /* Resources */ = {
			isa = PBXResourcesBuildPhase;
			buildActionMask = 2147483647;
			files = (
				ADDF289C1E7E9FEB006CE1EE /* LaunchScreen.storyboard in Resources */,
				ADDF28991E7E9FEB006CE1EE /* Assets.xcassets in Resources */,
				ADDF28971E7E9FEB006CE1EE /* Main.storyboard in Resources */,
			);
			runOnlyForDeploymentPostprocessing = 0;
		};
/* End PBXResourcesBuildPhase section */

/* Begin PBXSourcesBuildPhase section */
		ADDF288A1E7E9FEB006CE1EE /* Sources */ = {
			isa = PBXSourcesBuildPhase;
			buildActionMask = 2147483647;
			files = (
				ADDF28941E7E9FEB006CE1EE /* ViewController.swift in Sources */,
				ADDF28921E7E9FEB006CE1EE /* AppDelegate.swift in Sources */,
			);
			runOnlyForDeploymentPostprocessing = 0;
		};
/* End PBXSourcesBuildPhase section */

/* Begin PBXVariantGroup section */
		ADDF28951E7E9FEB006CE1EE /* Main.storyboard */ = {
			isa = PBXVariantGroup;
			children = (
				ADDF28961E7E9FEB006CE1EE /* Base */,
			);
			name = Main.storyboard;
			sourceTree = "<group>";
		};
		ADDF289A1E7E9FEB006CE1EE /* LaunchScreen.storyboard */ = {
			isa = PBXVariantGroup;
			children = (
				ADDF289B1E7E9FEB006CE1EE /* Base */,
			);
			name = LaunchScreen.storyboard;
			sourceTree = "<group>";
		};
/* End PBXVariantGroup section */

/* Begin XCBuildConfiguration section */
		ADDF289E1E7E9FEB006CE1EE /* Debug */ = {
			isa = XCBuildConfiguration;
			buildSettings = {
				ALWAYS_SEARCH_USER_PATHS = NO;
				CLANG_ANALYZER_NONNULL = YES;
				CLANG_CXX_LANGUAGE_STANDARD = "gnu++0x";
				CLANG_CXX_LIBRARY = "libc++";
				CLANG_ENABLE_MODULES = YES;
				CLANG_ENABLE_OBJC_ARC = YES;
				CLANG_WARN_BOOL_CONVERSION = YES;
				CLANG_WARN_CONSTANT_CONVERSION = YES;
				CLANG_WARN_DIRECT_OBJC_ISA_USAGE = YES_ERROR;
				CLANG_WARN_DOCUMENTATION_COMMENTS = YES;
				CLANG_WARN_EMPTY_BODY = YES;
				CLANG_WARN_ENUM_CONVERSION = YES;
				CLANG_WARN_INFINITE_RECURSION = YES;
				CLANG_WARN_INT_CONVERSION = YES;
				CLANG_WARN_OBJC_ROOT_CLASS = YES_ERROR;
				CLANG_WARN_SUSPICIOUS_MOVES = YES;
				CLANG_WARN_UNREACHABLE_CODE = YES;
				CLANG_WARN__DUPLICATE_METHOD_MATCH = YES;
				"CODE_SIGN_IDENTITY[sdk=iphoneos*]" = "iPhone Developer";
				COPY_PHASE_STRIP = NO;
				DEBUG_INFORMATION_FORMAT = dwarf;
				ENABLE_STRICT_OBJC_MSGSEND = YES;
				ENABLE_TESTABILITY = YES;
				GCC_C_LANGUAGE_STANDARD = gnu99;
				GCC_DYNAMIC_NO_PIC = NO;
				GCC_NO_COMMON_BLOCKS = YES;
				GCC_OPTIMIZATION_LEVEL = 0;
				GCC_PREPROCESSOR_DEFINITIONS = (
					"DEBUG=1",
					"$(inherited)",
				);
				GCC_WARN_64_TO_32_BIT_CONVERSION = YES;
				GCC_WARN_ABOUT_RETURN_TYPE = YES_ERROR;
				GCC_WARN_UNDECLARED_SELECTOR = YES;
				GCC_WARN_UNINITIALIZED_AUTOS = YES_AGGRESSIVE;
				GCC_WARN_UNUSED_FUNCTION = YES;
				GCC_WARN_UNUSED_VARIABLE = YES;
				IPHONEOS_DEPLOYMENT_TARGET = 10.1;
				MTL_ENABLE_DEBUG_INFO = YES;
				ONLY_ACTIVE_ARCH = YES;
				SDKROOT = iphoneos;
				SWIFT_ACTIVE_COMPILATION_CONDITIONS = DEBUG;
				SWIFT_OPTIMIZATION_LEVEL = "-Onone";
				TARGETED_DEVICE_FAMILY = "1,2";
			};
			name = Debug;
		};
		ADDF289F1E7E9FEB006CE1EE /* Release */ = {
			isa = XCBuildConfiguration;
			buildSettings = {
				ALWAYS_SEARCH_USER_PATHS = NO;
				CLANG_ANALYZER_NONNULL = YES;
				CLANG_CXX_LANGUAGE_STANDARD = "gnu++0x";
				CLANG_CXX_LIBRARY = "libc++";
				CLANG_ENABLE_MODULES = YES;
				CLANG_ENABLE_OBJC_ARC = YES;
				CLANG_WARN_BOOL_CONVERSION = YES;
				CLANG_WARN_CONSTANT_CONVERSION = YES;
				CLANG_WARN_DIRECT_OBJC_ISA_USAGE = YES_ERROR;
				CLANG_WARN_DOCUMENTATION_COMMENTS = YES;
				CLANG_WARN_EMPTY_BODY = YES;
				CLANG_WARN_ENUM_CONVERSION = YES;
				CLANG_WARN_INFINITE_RECURSION = YES;
				CLANG_WARN_INT_CONVERSION = YES;
				CLANG_WARN_OBJC_ROOT_CLASS = YES_ERROR;
				CLANG_WARN_SUSPICIOUS_MOVES = YES;
				CLANG_WARN_UNREACHABLE_CODE = YES;
				CLANG_WARN__DUPLICATE_METHOD_MATCH = YES;
				"CODE_SIGN_IDENTITY[sdk=iphoneos*]" = "iPhone Developer";
				COPY_PHASE_STRIP = NO;
				DEBUG_INFORMATION_FORMAT = "dwarf-with-dsym";
				ENABLE_NS_ASSERTIONS = NO;
				ENABLE_STRICT_OBJC_MSGSEND = YES;
				GCC_C_LANGUAGE_STANDARD = gnu99;
				GCC_NO_COMMON_BLOCKS = YES;
				GCC_WARN_64_TO_32_BIT_CONVERSION = YES;
				GCC_WARN_ABOUT_RETURN_TYPE = YES_ERROR;
				GCC_WARN_UNDECLARED_SELECTOR = YES;
				GCC_WARN_UNINITIALIZED_AUTOS = YES_AGGRESSIVE;
				GCC_WARN_UNUSED_FUNCTION = YES;
				GCC_WARN_UNUSED_VARIABLE = YES;
				IPHONEOS_DEPLOYMENT_TARGET = 10.1;
				MTL_ENABLE_DEBUG_INFO = NO;
				SDKROOT = iphoneos;
				SWIFT_OPTIMIZATION_LEVEL = "-Owholemodule";
				TARGETED_DEVICE_FAMILY = "1,2";
				VALIDATE_PRODUCT = YES;
			};
			name = Release;
		};
		ADDF28A11E7E9FEB006CE1EE /* Debug */ = {
			isa = XCBuildConfiguration;
			buildSettings = {
				ASSETCATALOG_COMPILER_APPICON_NAME = AppIcon;
				INFOPLIST_FILE = SaveUsAll/Info.plist;
				LD_RUNPATH_SEARCH_PATHS = "$(inherited) @executable_path/Frameworks";
				PRODUCT_BUNDLE_IDENTIFIER = test.SaveUsAll;
				PRODUCT_NAME = "$(TARGET_NAME)";
				SWIFT_VERSION = 3.0;
			};
			name = Debug;
		};
		ADDF28A21E7E9FEB006CE1EE /* Release */ = {
			isa = XCBuildConfiguration;
			buildSettings = {
				ASSETCATALOG_COMPILER_APPICON_NAME = AppIcon;
				INFOPLIST_FILE = SaveUsAll/Info.plist;
				LD_RUNPATH_SEARCH_PATHS = "$(inherited) @executable_path/Frameworks";
				PRODUCT_BUNDLE_IDENTIFIER = test.SaveUsAll;
				PRODUCT_NAME = "$(TARGET_NAME)";
				SWIFT_VERSION = 3.0;
			};
			name = Release;
		};
/* End XCBuildConfiguration section */

/* Begin XCConfigurationList section */
		ADDF28891E7E9FEB006CE1EE /* Build configuration list for PBXProject "SaveUsAll" */ = {
			isa = XCConfigurationList;
			buildConfigurations = (
				ADDF289E1E7E9FEB006CE1EE /* Debug */,
				ADDF289F1E7E9FEB006CE1EE /* Release */,
			);
			defaultConfigurationIsVisible = 0;
			defaultConfigurationName = Release;
		};
		ADDF28A01E7E9FEB006CE1EE /* Build configuration list for PBXNativeTarget "SaveUsAll" */ = {
			isa = XCConfigurationList;
			buildConfigurations = (
				ADDF28A11E7E9FEB006CE1EE /* Debug */,
				ADDF28A21E7E9FEB006CE1EE /* Release */,
			);
			defaultConfigurationIsVisible = 0;
		};
/* End XCConfigurationList section */
	};
	rootObject = ADDF28861E7E9FEB006CE1EE /* Project object */;
}
